
Microsoft Visual Studio Solution File, Format Version 12.00
# Visual Studio 15
VisualStudioVersion = 15.0.28307.757
MinimumVisualStudioVersion = 10.0.40219.1
Project("{9A19103F-16F7-4668-BE54-9A1E7A4F7556}") = "DDD.Application", "DDD.Application\DDD.Application.csproj", "{B5C640A0-2AEA-42C8-B22B-B78B2C797AAF}"
EndProject
Project("{9A19103F-16F7-4668-BE54-9A1E7A4F7556}") = "DDD.Domain", "DDD.Domain\DDD.Domain.csproj", "{B465EB93-D5AF-4072-A058-8695DB59DE87}"
EndProject
Project("{9A19103F-16F7-4668-BE54-9A1E7A4F7556}") = "DDD.Infra.Data", "DDD.Infra.Data\DDD.Infra.Data.csproj", "{3219AC8C-3B39-4AFE-962E-03903F0B30DA}"
EndProject
Project("{9A19103F-16F7-4668-BE54-9A1E7A4F7556}") = "DDD.Service", "DDD.Service\DDD.Service.csproj", "{CA3B9CE8-1786-44EA-A4BE-DFDC96027005}"
EndProject
Project("{FAE04EC0-301F-11D3-BF4B-00C04F79EFBC}") = "DDD.Tests", "DDD.Tests\DDD.Tests.csproj", "{385537F4-DD20-45A3-A67A-13A8054070AA}"
EndProject
Global
	GlobalSection(SolutionConfigurationPlatforms) = preSolution
		Debug|Any CPU = Debug|Any CPU
		Release|Any CPU = Release|Any CPU
	EndGlobalSection
	GlobalSection(ProjectConfigurationPlatforms) = postSolution
		{B5C640A0-2AEA-42C8-B22B-B78B2C797AAF}.Debug|Any CPU.ActiveCfg = Debug|Any CPU
		{B5C640A0-2AEA-42C8-B22B-B78B2C797AAF}.Debug|Any CPU.Build.0 = Debug|Any CPU
		{B5C640A0-2AEA-42C8-B22B-B78B2C797AAF}.Release|Any CPU.ActiveCfg = Release|Any CPU
		{B5C640A0-2AEA-42C8-B22B-B78B2C797AAF}.Release|Any CPU.Build.0 = Release|Any CPU
		{B465EB93-D5AF-4072-A058-8695DB59DE87}.Debug|Any CPU.ActiveCfg = Debug|Any CPU
		{B465EB93-D5AF-4072-A058-8695DB59DE87}.Debug|Any CPU.Build.0 = Debug|Any CPU
		{B465EB93-D5AF-4072-A058-8695DB59DE87}.Release|Any CPU.ActiveCfg = Release|Any CPU
		{B465EB93-D5AF-4072-A058-8695DB59DE87}.Release|Any CPU.Build.0 = Release|Any CPU
		{3219AC8C-3B39-4AFE-962E-03903F0B30DA}.Debug|Any CPU.ActiveCfg = Debug|Any CPU
		{3219AC8C-3B39-4AFE-962E-03903F0B30DA}.Debug|Any CPU.Build.0 = Debug|Any CPU
		{3219AC8C-3B39-4AFE-962E-03903F0B30DA}.Release|Any CPU.ActiveCfg = Release|Any CPU
		{3219AC8C-3B39-4AFE-962E-03903F0B30DA}.Release|Any CPU.Build.0 = Release|Any CPU
		{CA3B9CE8-1786-44EA-A4BE-DFDC96027005}.Debug|Any CPU.ActiveCfg = Debug|Any CPU
		{CA3B9CE8-1786-44EA-A4BE-DFDC96027005}.Debug|Any CPU.Build.0 = Debug|Any CPU
		{CA3B9CE8-1786-44EA-A4BE-DFDC96027005}.Release|Any CPU.ActiveCfg = Release|Any CPU
		{CA3B9CE8-1786-44EA-A4BE-DFDC96027005}.Release|Any CPU.Build.0 = Release|Any CPU
		{385537F4-DD20-45A3-A67A-13A8054070AA}.Debug|Any CPU.ActiveCfg = Debug|Any CPU
		{385537F4-DD20-45A3-A67A-13A8054070AA}.Debug|Any CPU.Build.0 = Debug|Any CPU
		{385537F4-DD20-45A3-A67A-13A8054070AA}.Release|Any CPU.ActiveCfg = Release|Any CPU
		{385537F4-DD20-45A3-A67A-13A8054070AA}.Release|Any CPU.Build.0 = Release|Any CPU
	EndGlobalSection
	GlobalSection(SolutionProperties) = preSolution
		HideSolutionNode = FALSE
	EndGlobalSection
	GlobalSection(ExtensibilityGlobals) = postSolution
		SolutionGuid = {AF9B7688-78FA-4E79-A220-52814782C1E7}
	EndGlobalSection
EndGlobal
